// !$*UTF8*$!
{
	archiveVersion = 1;
	classes = {
	};
	objectVersion = 56;
	objects = {

/* Begin PBXBuildFile section */
		663E38192A756B1C00BDE5DB /* LogRecordViewModel.swift in Sources */ = {isa = PBXBuildFile; fileRef = 663E38182A756B1C00BDE5DB /* LogRecordViewModel.swift */; };
		66D1764E2A6E964200194690 /* Log.swift in Sources */ = {isa = PBXBuildFile; fileRef = AFEFF5DD2A67F436004AFD1A /* Log.swift */; };
		66D176592A6F507D00194690 /* FakeEachLog.swift in Sources */ = {isa = PBXBuildFile; fileRef = 66D176582A6F507D00194690 /* FakeEachLog.swift */; };
		66D1765B2A6F526200194690 /* LogListViewModel.swift in Sources */ = {isa = PBXBuildFile; fileRef = 66D1765A2A6F526200194690 /* LogListViewModel.swift */; };
		66D1765D2A6F557800194690 /* LogDetailView.swift in Sources */ = {isa = PBXBuildFile; fileRef = 66D1765C2A6F557800194690 /* LogDetailView.swift */; };
		66D1769A2A6F773300194690 /* WidgetKit.framework in Frameworks */ = {isa = PBXBuildFile; fileRef = 66D176992A6F773300194690 /* WidgetKit.framework */; };
		66D1769C2A6F773300194690 /* SwiftUI.framework in Frameworks */ = {isa = PBXBuildFile; fileRef = 66D1769B2A6F773300194690 /* SwiftUI.framework */; };
		66D1769F2A6F773300194690 /* iOSWidgetBundle.swift in Sources */ = {isa = PBXBuildFile; fileRef = 66D1769E2A6F773300194690 /* iOSWidgetBundle.swift */; };
		66D176A32A6F773300194690 /* iOSOpenAppLockScreenWidget.swift in Sources */ = {isa = PBXBuildFile; fileRef = 66D176A22A6F773300194690 /* iOSOpenAppLockScreenWidget.swift */; };
		66D176A62A6F773400194690 /* Assets.xcassets in Resources */ = {isa = PBXBuildFile; fileRef = 66D176A52A6F773400194690 /* Assets.xcassets */; };
		66D176A82A6F773400194690 /* iOSWidget.intentdefinition in Sources */ = {isa = PBXBuildFile; fileRef = 66D176A42A6F773300194690 /* iOSWidget.intentdefinition */; };
		66D176A92A6F773400194690 /* iOSWidget.intentdefinition in Sources */ = {isa = PBXBuildFile; fileRef = 66D176A42A6F773300194690 /* iOSWidget.intentdefinition */; };
		66D176AC2A6F773400194690 /* iOSWidgetExtension.appex in Embed Foundation Extensions */ = {isa = PBXBuildFile; fileRef = 66D176972A6F773300194690 /* iOSWidgetExtension.appex */; settings = {ATTRIBUTES = (RemoveHeadersOnCopy, ); }; };
		66D176C72A6FE69500194690 /* FakeLogMemo.swift in Sources */ = {isa = PBXBuildFile; fileRef = 66D176C62A6FE69500194690 /* FakeLogMemo.swift */; };
		66D176C92A6FE82300194690 /* SearchTestView.swift in Sources */ = {isa = PBXBuildFile; fileRef = 66D176C82A6FE82300194690 /* SearchTestView.swift */; };
		66D176CB2A6FE95E00194690 /* SearchTestViewModel.swift in Sources */ = {isa = PBXBuildFile; fileRef = 66D176CA2A6FE95E00194690 /* SearchTestViewModel.swift */; };
		66D176EF2A70036800194690 /* SearchBarView.swift in Sources */ = {isa = PBXBuildFile; fileRef = 66D176EE2A70036800194690 /* SearchBarView.swift */; };
		66D176F72A70F4DC00194690 /* CalendarView.swift in Sources */ = {isa = PBXBuildFile; fileRef = 66D176F62A70F4DC00194690 /* CalendarView.swift */; };
		66D176FB2A71452500194690 /* MoveYearMonthPicker.swift in Sources */ = {isa = PBXBuildFile; fileRef = 66D176FA2A71452500194690 /* MoveYearMonthPicker.swift */; };
		66E0667B2A6E5C9700BE3751 /* LogRecordView.swift in Sources */ = {isa = PBXBuildFile; fileRef = 66E0667A2A6E5C9700BE3751 /* LogRecordView.swift */; };
		66E0667D2A6E5CA400BE3751 /* MainTabView.swift in Sources */ = {isa = PBXBuildFile; fileRef = 66E0667C2A6E5CA400BE3751 /* MainTabView.swift */; };
		66E0667F2A6E5CCE00BE3751 /* LogTitleSelectionView.swift in Sources */ = {isa = PBXBuildFile; fileRef = 66E0667E2A6E5CCE00BE3751 /* LogTitleSelectionView.swift */; };
		66E066812A6E5CDF00BE3751 /* LogListView.swift in Sources */ = {isa = PBXBuildFile; fileRef = 66E066802A6E5CDF00BE3751 /* LogListView.swift */; };
		66E066862A6E632D00BE3751 /* LogTitleSelectionViewModel.swift in Sources */ = {isa = PBXBuildFile; fileRef = 66E066852A6E632D00BE3751 /* LogTitleSelectionViewModel.swift */; };
		AF0579FE2A779ABA004577E7 /* DetailViewModel.swift in Sources */ = {isa = PBXBuildFile; fileRef = AF0579EF2A779ABA004577E7 /* DetailViewModel.swift */; };
		AF0579FF2A779ABA004577E7 /* TempDetailView.swift in Sources */ = {isa = PBXBuildFile; fileRef = AF0579F02A779ABA004577E7 /* TempDetailView.swift */; };
		AF057A002A779ABA004577E7 /* DetailLog.swift in Sources */ = {isa = PBXBuildFile; fileRef = AF0579F22A779ABA004577E7 /* DetailLog.swift */; };
		AF057A012A779ABA004577E7 /* LogOpinion.swift in Sources */ = {isa = PBXBuildFile; fileRef = AF0579F32A779ABA004577E7 /* LogOpinion.swift */; };
		AF057A022A779ABA004577E7 /* LogMemo.swift in Sources */ = {isa = PBXBuildFile; fileRef = AF0579F42A779ABA004577E7 /* LogMemo.swift */; };
		AF057A032A779ABA004577E7 /* OpinionCell.swift in Sources */ = {isa = PBXBuildFile; fileRef = AF0579F72A779ABA004577E7 /* OpinionCell.swift */; };
		AF057A042A779ABA004577E7 /* DateCell.swift in Sources */ = {isa = PBXBuildFile; fileRef = AF0579F82A779ABA004577E7 /* DateCell.swift */; };
		AF057A052A779ABA004577E7 /* MemoCell.swift in Sources */ = {isa = PBXBuildFile; fileRef = AF0579F92A779ABA004577E7 /* MemoCell.swift */; };
		AF057A062A779ABA004577E7 /* DetailLogView.swift in Sources */ = {isa = PBXBuildFile; fileRef = AF0579FA2A779ABA004577E7 /* DetailLogView.swift */; };
		AF057A072A779ABA004577E7 /* LogWriteSheet.swift in Sources */ = {isa = PBXBuildFile; fileRef = AF0579FC2A779ABA004577E7 /* LogWriteSheet.swift */; };
		AF057A082A779ABA004577E7 /* DetailLogMenuSheet.swift in Sources */ = {isa = PBXBuildFile; fileRef = AF0579FD2A779ABA004577E7 /* DetailLogMenuSheet.swift */; };
		AF73FA2F2A6A705A00213DBE /* LogViewModel.swift in Sources */ = {isa = PBXBuildFile; fileRef = AF73FA2E2A6A705A00213DBE /* LogViewModel.swift */; };
		AF73FA3D2A6EF4BE00213DBE /* CloudKitManagerInterface.swift in Sources */ = {isa = PBXBuildFile; fileRef = AF73FA3C2A6EF4BE00213DBE /* CloudKitManagerInterface.swift */; };
		AF73FA412A6EFB7000213DBE /* CloudKitManager+Create.swift in Sources */ = {isa = PBXBuildFile; fileRef = AF73FA402A6EFB7000213DBE /* CloudKitManager+Create.swift */; };
		AF73FA432A6EFBB300213DBE /* CloudKitManager+Read.swift in Sources */ = {isa = PBXBuildFile; fileRef = AF73FA422A6EFBB300213DBE /* CloudKitManager+Read.swift */; };
		AF73FA452A6EFBF300213DBE /* CloudKitManager+Update.swift in Sources */ = {isa = PBXBuildFile; fileRef = AF73FA442A6EFBF300213DBE /* CloudKitManager+Update.swift */; };
		AF73FA472A6EFC2800213DBE /* CloudKitManager+Delete.swift in Sources */ = {isa = PBXBuildFile; fileRef = AF73FA462A6EFC2800213DBE /* CloudKitManager+Delete.swift */; };
		AF773DFB2A69825E00EF9E1D /* CategoryView.swift in Sources */ = {isa = PBXBuildFile; fileRef = AF773DFA2A69825E00EF9E1D /* CategoryView.swift */; };
		AF967B842A730C1300CB5786 /* FaceIDManager.swift in Sources */ = {isa = PBXBuildFile; fileRef = AF967B832A730C1300CB5786 /* FaceIDManager.swift */; };
		AFE38EA02A683B0500B4FF9E /* LogCell.swift in Sources */ = {isa = PBXBuildFile; fileRef = AFE38E9F2A683B0500B4FF9E /* LogCell.swift */; };
		AFEFF5AD2A67CFD3004AFD1A /* DetectiveLogApp.swift in Sources */ = {isa = PBXBuildFile; fileRef = AFEFF5AC2A67CFD3004AFD1A /* DetectiveLogApp.swift */; };
		AFEFF5AF2A67CFD3004AFD1A /* Persistence.swift in Sources */ = {isa = PBXBuildFile; fileRef = AFEFF5AE2A67CFD3004AFD1A /* Persistence.swift */; };
		AFEFF5B22A67CFD3004AFD1A /* DetectiveLog.xcdatamodeld in Sources */ = {isa = PBXBuildFile; fileRef = AFEFF5B02A67CFD3004AFD1A /* DetectiveLog.xcdatamodeld */; };
		AFEFF5B62A67CFD4004AFD1A /* Assets.xcassets in Resources */ = {isa = PBXBuildFile; fileRef = AFEFF5B52A67CFD4004AFD1A /* Assets.xcassets */; };
		AFEFF5BA2A67CFD4004AFD1A /* Preview Assets.xcassets in Resources */ = {isa = PBXBuildFile; fileRef = AFEFF5B92A67CFD4004AFD1A /* Preview Assets.xcassets */; };
		AFEFF5C72A67D001004AFD1A /* DetectiveLogWatchApp.swift in Sources */ = {isa = PBXBuildFile; fileRef = AFEFF5C62A67D001004AFD1A /* DetectiveLogWatchApp.swift */; };
		AFEFF5C92A67D001004AFD1A /* ContentView.swift in Sources */ = {isa = PBXBuildFile; fileRef = AFEFF5C82A67D001004AFD1A /* ContentView.swift */; };
		AFEFF5CB2A67D002004AFD1A /* Assets.xcassets in Resources */ = {isa = PBXBuildFile; fileRef = AFEFF5CA2A67D002004AFD1A /* Assets.xcassets */; };
		AFEFF5CE2A67D002004AFD1A /* Preview Assets.xcassets in Resources */ = {isa = PBXBuildFile; fileRef = AFEFF5CD2A67D002004AFD1A /* Preview Assets.xcassets */; };
		AFEFF5D12A67D002004AFD1A /* DetectiveLogWatch Watch App.app in Embed Watch Content */ = {isa = PBXBuildFile; fileRef = AFEFF5C42A67D001004AFD1A /* DetectiveLogWatch Watch App.app */; settings = {ATTRIBUTES = (RemoveHeadersOnCopy, ); }; };
		AFEFF5D92A67D112004AFD1A /* LogView.swift in Sources */ = {isa = PBXBuildFile; fileRef = AFEFF5D82A67D112004AFD1A /* LogView.swift */; };
		AFEFF5DC2A67D765004AFD1A /* CloudKitManager.swift in Sources */ = {isa = PBXBuildFile; fileRef = AFEFF5DB2A67D765004AFD1A /* CloudKitManager.swift */; };
		AFEFF5DE2A67F436004AFD1A /* Log.swift in Sources */ = {isa = PBXBuildFile; fileRef = AFEFF5DD2A67F436004AFD1A /* Log.swift */; };
/* End PBXBuildFile section */

/* Begin PBXContainerItemProxy section */
		66D176AA2A6F773400194690 /* PBXContainerItemProxy */ = {
			isa = PBXContainerItemProxy;
			containerPortal = AFEFF5A12A67CFD3004AFD1A /* Project object */;
			proxyType = 1;
			remoteGlobalIDString = 66D176962A6F773300194690;
			remoteInfo = iOSWidgetExtension;
		};
		AFEFF5CF2A67D002004AFD1A /* PBXContainerItemProxy */ = {
			isa = PBXContainerItemProxy;
			containerPortal = AFEFF5A12A67CFD3004AFD1A /* Project object */;
			proxyType = 1;
			remoteGlobalIDString = AFEFF5C32A67D001004AFD1A;
			remoteInfo = "DetectiveLogWatch Watch App";
		};
/* End PBXContainerItemProxy section */

/* Begin PBXCopyFilesBuildPhase section */
		66D1766F2A6F5FCA00194690 /* Embed ExtensionKit Extensions */ = {
			isa = PBXCopyFilesBuildPhase;
			buildActionMask = 2147483647;
			dstPath = "$(EXTENSIONS_FOLDER_PATH)";
			dstSubfolderSpec = 16;
			files = (
			);
			name = "Embed ExtensionKit Extensions";
			runOnlyForDeploymentPostprocessing = 0;
		};
		66D176922A6F72DF00194690 /* Embed Foundation Extensions */ = {
			isa = PBXCopyFilesBuildPhase;
			buildActionMask = 2147483647;
			dstPath = "";
			dstSubfolderSpec = 13;
			files = (
				66D176AC2A6F773400194690 /* iOSWidgetExtension.appex in Embed Foundation Extensions */,
			);
			name = "Embed Foundation Extensions";
			runOnlyForDeploymentPostprocessing = 0;
		};
		66D176C12A6FA42F00194690 /* Embed ExtensionKit Extensions */ = {
			isa = PBXCopyFilesBuildPhase;
			buildActionMask = 2147483647;
			dstPath = "$(EXTENSIONS_FOLDER_PATH)";
			dstSubfolderSpec = 16;
			files = (
			);
			name = "Embed ExtensionKit Extensions";
			runOnlyForDeploymentPostprocessing = 0;
		};
		AFEFF5D52A67D002004AFD1A /* Embed Watch Content */ = {
			isa = PBXCopyFilesBuildPhase;
			buildActionMask = 2147483647;
			dstPath = "$(CONTENTS_FOLDER_PATH)/Watch";
			dstSubfolderSpec = 16;
			files = (
				AFEFF5D12A67D002004AFD1A /* DetectiveLogWatch Watch App.app in Embed Watch Content */,
			);
			name = "Embed Watch Content";
			runOnlyForDeploymentPostprocessing = 0;
		};
/* End PBXCopyFilesBuildPhase section */

/* Begin PBXFileReference section */
		663E38182A756B1C00BDE5DB /* LogRecordViewModel.swift */ = {isa = PBXFileReference; lastKnownFileType = sourcecode.swift; path = LogRecordViewModel.swift; sourceTree = "<group>"; };
		66D176582A6F507D00194690 /* FakeEachLog.swift */ = {isa = PBXFileReference; lastKnownFileType = sourcecode.swift; path = FakeEachLog.swift; sourceTree = "<group>"; };
		66D1765A2A6F526200194690 /* LogListViewModel.swift */ = {isa = PBXFileReference; lastKnownFileType = sourcecode.swift; path = LogListViewModel.swift; sourceTree = "<group>"; };
		66D1765C2A6F557800194690 /* LogDetailView.swift */ = {isa = PBXFileReference; lastKnownFileType = sourcecode.swift; path = LogDetailView.swift; sourceTree = "<group>"; };
		66D176972A6F773300194690 /* iOSWidgetExtension.appex */ = {isa = PBXFileReference; explicitFileType = "wrapper.app-extension"; includeInIndex = 0; path = iOSWidgetExtension.appex; sourceTree = BUILT_PRODUCTS_DIR; };
		66D176992A6F773300194690 /* WidgetKit.framework */ = {isa = PBXFileReference; lastKnownFileType = wrapper.framework; name = WidgetKit.framework; path = System/Library/Frameworks/WidgetKit.framework; sourceTree = SDKROOT; };
		66D1769B2A6F773300194690 /* SwiftUI.framework */ = {isa = PBXFileReference; lastKnownFileType = wrapper.framework; name = SwiftUI.framework; path = System/Library/Frameworks/SwiftUI.framework; sourceTree = SDKROOT; };
		66D1769E2A6F773300194690 /* iOSWidgetBundle.swift */ = {isa = PBXFileReference; lastKnownFileType = sourcecode.swift; path = iOSWidgetBundle.swift; sourceTree = "<group>"; };
		66D176A22A6F773300194690 /* iOSOpenAppLockScreenWidget.swift */ = {isa = PBXFileReference; lastKnownFileType = sourcecode.swift; path = iOSOpenAppLockScreenWidget.swift; sourceTree = "<group>"; };
		66D176A42A6F773300194690 /* iOSWidget.intentdefinition */ = {isa = PBXFileReference; lastKnownFileType = file.intentdefinition; path = iOSWidget.intentdefinition; sourceTree = "<group>"; };
		66D176A52A6F773400194690 /* Assets.xcassets */ = {isa = PBXFileReference; lastKnownFileType = folder.assetcatalog; path = Assets.xcassets; sourceTree = "<group>"; };
		66D176A72A6F773400194690 /* Info.plist */ = {isa = PBXFileReference; lastKnownFileType = text.plist.xml; path = Info.plist; sourceTree = "<group>"; };
		66D176C62A6FE69500194690 /* FakeLogMemo.swift */ = {isa = PBXFileReference; lastKnownFileType = sourcecode.swift; path = FakeLogMemo.swift; sourceTree = "<group>"; };
		66D176C82A6FE82300194690 /* SearchTestView.swift */ = {isa = PBXFileReference; lastKnownFileType = sourcecode.swift; path = SearchTestView.swift; sourceTree = "<group>"; };
		66D176CA2A6FE95E00194690 /* SearchTestViewModel.swift */ = {isa = PBXFileReference; lastKnownFileType = sourcecode.swift; path = SearchTestViewModel.swift; sourceTree = "<group>"; };
		66D176EE2A70036800194690 /* SearchBarView.swift */ = {isa = PBXFileReference; lastKnownFileType = sourcecode.swift; path = SearchBarView.swift; sourceTree = "<group>"; };
		66D176F62A70F4DC00194690 /* CalendarView.swift */ = {isa = PBXFileReference; lastKnownFileType = sourcecode.swift; path = CalendarView.swift; sourceTree = "<group>"; };
		66D176FA2A71452500194690 /* MoveYearMonthPicker.swift */ = {isa = PBXFileReference; lastKnownFileType = sourcecode.swift; path = MoveYearMonthPicker.swift; sourceTree = "<group>"; };
		66E0667A2A6E5C9700BE3751 /* LogRecordView.swift */ = {isa = PBXFileReference; lastKnownFileType = sourcecode.swift; path = LogRecordView.swift; sourceTree = "<group>"; };
		66E0667C2A6E5CA400BE3751 /* MainTabView.swift */ = {isa = PBXFileReference; lastKnownFileType = sourcecode.swift; path = MainTabView.swift; sourceTree = "<group>"; };
		66E0667E2A6E5CCE00BE3751 /* LogTitleSelectionView.swift */ = {isa = PBXFileReference; lastKnownFileType = sourcecode.swift; path = LogTitleSelectionView.swift; sourceTree = "<group>"; };
		66E066802A6E5CDF00BE3751 /* LogListView.swift */ = {isa = PBXFileReference; lastKnownFileType = sourcecode.swift; path = LogListView.swift; sourceTree = "<group>"; };
		66E066852A6E632D00BE3751 /* LogTitleSelectionViewModel.swift */ = {isa = PBXFileReference; lastKnownFileType = sourcecode.swift; path = LogTitleSelectionViewModel.swift; sourceTree = "<group>"; };
		66E066872A6E6F0D00BE3751 /* DetectiveLogWatch Watch AppRelease.entitlements */ = {isa = PBXFileReference; lastKnownFileType = text.plist.entitlements; path = "DetectiveLogWatch Watch AppRelease.entitlements"; sourceTree = "<group>"; };
		A950B1892A6FC23400FB9080 /* DetailView.swift */ = {isa = PBXFileReference; lastKnownFileType = sourcecode.swift; path = DetailView.swift; sourceTree = "<group>"; };
		AF0115E32A6FA5830021E462 /* Info.plist */ = {isa = PBXFileReference; lastKnownFileType = text.plist; path = Info.plist; sourceTree = "<group>"; };
		AF0579EF2A779ABA004577E7 /* DetailViewModel.swift */ = {isa = PBXFileReference; fileEncoding = 4; lastKnownFileType = sourcecode.swift; path = DetailViewModel.swift; sourceTree = "<group>"; };
		AF0579F02A779ABA004577E7 /* TempDetailView.swift */ = {isa = PBXFileReference; fileEncoding = 4; lastKnownFileType = sourcecode.swift; path = TempDetailView.swift; sourceTree = "<group>"; };
		AF0579F22A779ABA004577E7 /* DetailLog.swift */ = {isa = PBXFileReference; fileEncoding = 4; lastKnownFileType = sourcecode.swift; path = DetailLog.swift; sourceTree = "<group>"; };
		AF0579F32A779ABA004577E7 /* LogOpinion.swift */ = {isa = PBXFileReference; fileEncoding = 4; lastKnownFileType = sourcecode.swift; path = LogOpinion.swift; sourceTree = "<group>"; };
		AF0579F42A779ABA004577E7 /* LogMemo.swift */ = {isa = PBXFileReference; fileEncoding = 4; lastKnownFileType = sourcecode.swift; path = LogMemo.swift; sourceTree = "<group>"; };
		AF0579F72A779ABA004577E7 /* OpinionCell.swift */ = {isa = PBXFileReference; fileEncoding = 4; lastKnownFileType = sourcecode.swift; path = OpinionCell.swift; sourceTree = "<group>"; };
		AF0579F82A779ABA004577E7 /* DateCell.swift */ = {isa = PBXFileReference; fileEncoding = 4; lastKnownFileType = sourcecode.swift; path = DateCell.swift; sourceTree = "<group>"; };
		AF0579F92A779ABA004577E7 /* MemoCell.swift */ = {isa = PBXFileReference; fileEncoding = 4; lastKnownFileType = sourcecode.swift; path = MemoCell.swift; sourceTree = "<group>"; };
		AF0579FA2A779ABA004577E7 /* DetailLogView.swift */ = {isa = PBXFileReference; fileEncoding = 4; lastKnownFileType = sourcecode.swift; path = DetailLogView.swift; sourceTree = "<group>"; };
		AF0579FC2A779ABA004577E7 /* LogWriteSheet.swift */ = {isa = PBXFileReference; fileEncoding = 4; lastKnownFileType = sourcecode.swift; path = LogWriteSheet.swift; sourceTree = "<group>"; };
		AF0579FD2A779ABA004577E7 /* DetailLogMenuSheet.swift */ = {isa = PBXFileReference; fileEncoding = 4; lastKnownFileType = sourcecode.swift; path = DetailLogMenuSheet.swift; sourceTree = "<group>"; };
		AF73FA2E2A6A705A00213DBE /* LogViewModel.swift */ = {isa = PBXFileReference; lastKnownFileType = sourcecode.swift; path = LogViewModel.swift; sourceTree = "<group>"; };
		AF73FA3C2A6EF4BE00213DBE /* CloudKitManagerInterface.swift */ = {isa = PBXFileReference; lastKnownFileType = sourcecode.swift; path = CloudKitManagerInterface.swift; sourceTree = "<group>"; };
		AF73FA402A6EFB7000213DBE /* CloudKitManager+Create.swift */ = {isa = PBXFileReference; lastKnownFileType = sourcecode.swift; path = "CloudKitManager+Create.swift"; sourceTree = "<group>"; };
		AF73FA422A6EFBB300213DBE /* CloudKitManager+Read.swift */ = {isa = PBXFileReference; lastKnownFileType = sourcecode.swift; path = "CloudKitManager+Read.swift"; sourceTree = "<group>"; };
		AF73FA442A6EFBF300213DBE /* CloudKitManager+Update.swift */ = {isa = PBXFileReference; lastKnownFileType = sourcecode.swift; path = "CloudKitManager+Update.swift"; sourceTree = "<group>"; };
		AF73FA462A6EFC2800213DBE /* CloudKitManager+Delete.swift */ = {isa = PBXFileReference; lastKnownFileType = sourcecode.swift; path = "CloudKitManager+Delete.swift"; sourceTree = "<group>"; };
		AF773DFA2A69825E00EF9E1D /* CategoryView.swift */ = {isa = PBXFileReference; lastKnownFileType = sourcecode.swift; path = CategoryView.swift; sourceTree = "<group>"; };
		AF967B832A730C1300CB5786 /* FaceIDManager.swift */ = {isa = PBXFileReference; lastKnownFileType = sourcecode.swift; path = FaceIDManager.swift; sourceTree = "<group>"; };
		AFE38E9F2A683B0500B4FF9E /* LogCell.swift */ = {isa = PBXFileReference; lastKnownFileType = sourcecode.swift; path = LogCell.swift; sourceTree = "<group>"; };
		AFEFF5A92A67CFD3004AFD1A /* DetectiveLog.app */ = {isa = PBXFileReference; explicitFileType = wrapper.application; includeInIndex = 0; path = DetectiveLog.app; sourceTree = BUILT_PRODUCTS_DIR; };
		AFEFF5AC2A67CFD3004AFD1A /* DetectiveLogApp.swift */ = {isa = PBXFileReference; lastKnownFileType = sourcecode.swift; path = DetectiveLogApp.swift; sourceTree = "<group>"; };
		AFEFF5AE2A67CFD3004AFD1A /* Persistence.swift */ = {isa = PBXFileReference; lastKnownFileType = sourcecode.swift; path = Persistence.swift; sourceTree = "<group>"; };
		AFEFF5B12A67CFD3004AFD1A /* DetectiveLog.xcdatamodel */ = {isa = PBXFileReference; lastKnownFileType = wrapper.xcdatamodel; path = DetectiveLog.xcdatamodel; sourceTree = "<group>"; };
		AFEFF5B52A67CFD4004AFD1A /* Assets.xcassets */ = {isa = PBXFileReference; lastKnownFileType = folder.assetcatalog; path = Assets.xcassets; sourceTree = "<group>"; };
		AFEFF5B72A67CFD4004AFD1A /* DetectiveLog.entitlements */ = {isa = PBXFileReference; lastKnownFileType = text.plist.entitlements; path = DetectiveLog.entitlements; sourceTree = "<group>"; };
		AFEFF5B92A67CFD4004AFD1A /* Preview Assets.xcassets */ = {isa = PBXFileReference; lastKnownFileType = folder.assetcatalog; path = "Preview Assets.xcassets"; sourceTree = "<group>"; };
		AFEFF5C42A67D001004AFD1A /* DetectiveLogWatch Watch App.app */ = {isa = PBXFileReference; explicitFileType = wrapper.application; includeInIndex = 0; path = "DetectiveLogWatch Watch App.app"; sourceTree = BUILT_PRODUCTS_DIR; };
		AFEFF5C62A67D001004AFD1A /* DetectiveLogWatchApp.swift */ = {isa = PBXFileReference; lastKnownFileType = sourcecode.swift; path = DetectiveLogWatchApp.swift; sourceTree = "<group>"; };
		AFEFF5C82A67D001004AFD1A /* ContentView.swift */ = {isa = PBXFileReference; lastKnownFileType = sourcecode.swift; path = ContentView.swift; sourceTree = "<group>"; };
		AFEFF5CA2A67D002004AFD1A /* Assets.xcassets */ = {isa = PBXFileReference; lastKnownFileType = folder.assetcatalog; path = Assets.xcassets; sourceTree = "<group>"; };
		AFEFF5CD2A67D002004AFD1A /* Preview Assets.xcassets */ = {isa = PBXFileReference; lastKnownFileType = folder.assetcatalog; path = "Preview Assets.xcassets"; sourceTree = "<group>"; };
		AFEFF5D82A67D112004AFD1A /* LogView.swift */ = {isa = PBXFileReference; lastKnownFileType = sourcecode.swift; path = LogView.swift; sourceTree = "<group>"; };
		AFEFF5DB2A67D765004AFD1A /* CloudKitManager.swift */ = {isa = PBXFileReference; lastKnownFileType = sourcecode.swift; path = CloudKitManager.swift; sourceTree = "<group>"; };
		AFEFF5DD2A67F436004AFD1A /* Log.swift */ = {isa = PBXFileReference; lastKnownFileType = sourcecode.swift; path = Log.swift; sourceTree = "<group>"; };
/* End PBXFileReference section */

/* Begin PBXFrameworksBuildPhase section */
		66D176942A6F773300194690 /* Frameworks */ = {
			isa = PBXFrameworksBuildPhase;
			buildActionMask = 2147483647;
			files = (
				66D1769C2A6F773300194690 /* SwiftUI.framework in Frameworks */,
				66D1769A2A6F773300194690 /* WidgetKit.framework in Frameworks */,
			);
			runOnlyForDeploymentPostprocessing = 0;
		};
		AFEFF5A62A67CFD3004AFD1A /* Frameworks */ = {
			isa = PBXFrameworksBuildPhase;
			buildActionMask = 2147483647;
			files = (
			);
			runOnlyForDeploymentPostprocessing = 0;
		};
		AFEFF5C12A67D001004AFD1A /* Frameworks */ = {
			isa = PBXFrameworksBuildPhase;
			buildActionMask = 2147483647;
			files = (
			);
			runOnlyForDeploymentPostprocessing = 0;
		};
/* End PBXFrameworksBuildPhase section */

/* Begin PBXGroup section */
		663E38152A756AED00BDE5DB /* LogRecordView */ = {
			isa = PBXGroup;
			children = (
				663E38172A756B0900BDE5DB /* View */,
				663E38162A756AFC00BDE5DB /* ViewModel */,
			);
			path = LogRecordView;
			sourceTree = "<group>";
		};
		663E38162A756AFC00BDE5DB /* ViewModel */ = {
			isa = PBXGroup;
			children = (
				663E38182A756B1C00BDE5DB /* LogRecordViewModel.swift */,
			);
			path = ViewModel;
			sourceTree = "<group>";
		};
		663E38172A756B0900BDE5DB /* View */ = {
			isa = PBXGroup;
			children = (
				66E0667A2A6E5C9700BE3751 /* LogRecordView.swift */,
			);
			path = View;
			sourceTree = "<group>";
		};
		66D176512A6E984B00194690 /* View */ = {
			isa = PBXGroup;
			children = (
				66E0667E2A6E5CCE00BE3751 /* LogTitleSelectionView.swift */,
			);
			path = View;
			sourceTree = "<group>";
		};
		66D176542A6F4FED00194690 /* LogList */ = {
			isa = PBXGroup;
			children = (
				66D176562A6F4FFE00194690 /* Model */,
				66D176572A6F500300194690 /* ViewModel */,
				66D176552A6F4FF800194690 /* View */,
			);
			path = LogList;
			sourceTree = "<group>";
		};
		66D176552A6F4FF800194690 /* View */ = {
			isa = PBXGroup;
			children = (
				66E066802A6E5CDF00BE3751 /* LogListView.swift */,
				66D1765C2A6F557800194690 /* LogDetailView.swift */,
			);
			path = View;
			sourceTree = "<group>";
		};
		66D176562A6F4FFE00194690 /* Model */ = {
			isa = PBXGroup;
			children = (
				66D176582A6F507D00194690 /* FakeEachLog.swift */,
			);
			path = Model;
			sourceTree = "<group>";
		};
		66D176572A6F500300194690 /* ViewModel */ = {
			isa = PBXGroup;
			children = (
				66D1765A2A6F526200194690 /* LogListViewModel.swift */,
			);
			path = ViewModel;
			sourceTree = "<group>";
		};
		66D176982A6F773300194690 /* Frameworks */ = {
			isa = PBXGroup;
			children = (
				66D176992A6F773300194690 /* WidgetKit.framework */,
				66D1769B2A6F773300194690 /* SwiftUI.framework */,
			);
			name = Frameworks;
			sourceTree = "<group>";
		};
		66D1769D2A6F773300194690 /* iOSWidget */ = {
			isa = PBXGroup;
			children = (
				66D1769E2A6F773300194690 /* iOSWidgetBundle.swift */,
				66D176A22A6F773300194690 /* iOSOpenAppLockScreenWidget.swift */,
				66D176A42A6F773300194690 /* iOSWidget.intentdefinition */,
				66D176A52A6F773400194690 /* Assets.xcassets */,
				66D176A72A6F773400194690 /* Info.plist */,
			);
			path = iOSWidget;
			sourceTree = "<group>";
		};
		66D176C52A6FE65900194690 /* Search */ = {
			isa = PBXGroup;
			children = (
				66D176C62A6FE69500194690 /* FakeLogMemo.swift */,
				66D176CA2A6FE95E00194690 /* SearchTestViewModel.swift */,
				66D176C82A6FE82300194690 /* SearchTestView.swift */,
				66D176EE2A70036800194690 /* SearchBarView.swift */,
				66D176F62A70F4DC00194690 /* CalendarView.swift */,
				66D176FA2A71452500194690 /* MoveYearMonthPicker.swift */,
			);
			path = Search;
			sourceTree = "<group>";
		};
		66E066792A6E5C8400BE3751 /* View */ = {
			isa = PBXGroup;
			children = (
				66E0667C2A6E5CA400BE3751 /* MainTabView.swift */,
			);
			path = View;
			sourceTree = "<group>";
		};
		66E066822A6E612800BE3751 /* LogTitleSelection */ = {
			isa = PBXGroup;
			children = (
				66E066832A6E613C00BE3751 /* ViewModel */,
				66D176512A6E984B00194690 /* View */,
			);
			path = LogTitleSelection;
			sourceTree = "<group>";
		};
		66E066832A6E613C00BE3751 /* ViewModel */ = {
			isa = PBXGroup;
			children = (
				66E066852A6E632D00BE3751 /* LogTitleSelectionViewModel.swift */,
			);
			path = ViewModel;
			sourceTree = "<group>";
		};
		A950B1882A6FC15800FB9080 /* Detail */ = {
			isa = PBXGroup;
			children = (
				A950B1892A6FC23400FB9080 /* DetailView.swift */,
			);
			path = Detail;
			sourceTree = "<group>";
		};
		AF0579ED2A779ABA004577E7 /* TempDetail */ = {
			isa = PBXGroup;
			children = (
				AF0579EE2A779ABA004577E7 /* ViewModel */,
				AF0579F12A779ABA004577E7 /* Model */,
				AF0579F52A779ABA004577E7 /* View */,
			);
			path = TempDetail;
			sourceTree = "<group>";
		};
		AF0579EE2A779ABA004577E7 /* ViewModel */ = {
			isa = PBXGroup;
			children = (
				AF0579EF2A779ABA004577E7 /* DetailViewModel.swift */,
				AF0579F02A779ABA004577E7 /* TempDetailView.swift */,
			);
			path = ViewModel;
			sourceTree = "<group>";
		};
		AF0579F12A779ABA004577E7 /* Model */ = {
			isa = PBXGroup;
			children = (
				AF0579F22A779ABA004577E7 /* DetailLog.swift */,
				AF0579F32A779ABA004577E7 /* LogOpinion.swift */,
				AF0579F42A779ABA004577E7 /* LogMemo.swift */,
			);
			path = Model;
			sourceTree = "<group>";
		};
		AF0579F52A779ABA004577E7 /* View */ = {
			isa = PBXGroup;
			children = (
				AF0579F62A779ABA004577E7 /* Cell */,
				AF0579FA2A779ABA004577E7 /* DetailLogView.swift */,
				AF0579FB2A779ABA004577E7 /* Sheet */,
			);
			path = View;
			sourceTree = "<group>";
		};
		AF0579F62A779ABA004577E7 /* Cell */ = {
			isa = PBXGroup;
			children = (
				AF0579F72A779ABA004577E7 /* OpinionCell.swift */,
				AF0579F82A779ABA004577E7 /* DateCell.swift */,
				AF0579F92A779ABA004577E7 /* MemoCell.swift */,
			);
			path = Cell;
			sourceTree = "<group>";
		};
		AF0579FB2A779ABA004577E7 /* Sheet */ = {
			isa = PBXGroup;
			children = (
				AF0579FC2A779ABA004577E7 /* LogWriteSheet.swift */,
				AF0579FD2A779ABA004577E7 /* DetailLogMenuSheet.swift */,
			);
			path = Sheet;
			sourceTree = "<group>";
		};
		AF73FA2B2A6A703B00213DBE /* View */ = {
			isa = PBXGroup;
			children = (
				AFEFF5D82A67D112004AFD1A /* LogView.swift */,
				AFE38E9F2A683B0500B4FF9E /* LogCell.swift */,
			);
			path = View;
			sourceTree = "<group>";
		};
		AF73FA2C2A6A704100213DBE /* ViewModel */ = {
			isa = PBXGroup;
			children = (
				AF73FA2E2A6A705A00213DBE /* LogViewModel.swift */,
			);
			path = ViewModel;
			sourceTree = "<group>";
		};
		AF73FA2D2A6A704700213DBE /* Model */ = {
			isa = PBXGroup;
			children = (
				AFEFF5DD2A67F436004AFD1A /* Log.swift */,
			);
			path = Model;
			sourceTree = "<group>";
		};
		AF73FA302A6C25FE00213DBE /* Category */ = {
			isa = PBXGroup;
			children = (
				AF773DFA2A69825E00EF9E1D /* CategoryView.swift */,
			);
			path = Category;
			sourceTree = "<group>";
		};
		AF73FA3E2A6EF7E800213DBE /* Interface */ = {
			isa = PBXGroup;
			children = (
				AF73FA3C2A6EF4BE00213DBE /* CloudKitManagerInterface.swift */,
			);
			path = Interface;
			sourceTree = "<group>";
		};
		AF73FA3F2A6EF80000213DBE /* Implementation */ = {
			isa = PBXGroup;
			children = (
				AFEFF5DB2A67D765004AFD1A /* CloudKitManager.swift */,
				AF73FA402A6EFB7000213DBE /* CloudKitManager+Create.swift */,
				AF73FA422A6EFBB300213DBE /* CloudKitManager+Read.swift */,
				AF73FA442A6EFBF300213DBE /* CloudKitManager+Update.swift */,
				AF73FA462A6EFC2800213DBE /* CloudKitManager+Delete.swift */,
			);
			path = Implementation;
			sourceTree = "<group>";
		};
		AF967B822A730C0600CB5786 /* FaceID */ = {
			isa = PBXGroup;
			children = (
				AF967B832A730C1300CB5786 /* FaceIDManager.swift */,
			);
			path = FaceID;
			sourceTree = "<group>";
		};
		AFEFF5A02A67CFD3004AFD1A = {
			isa = PBXGroup;
			children = (
				AFEFF5AB2A67CFD3004AFD1A /* DetectiveLog */,
				AFEFF5C52A67D001004AFD1A /* DetectiveLogWatch Watch App */,
				66D1769D2A6F773300194690 /* iOSWidget */,
				66D176982A6F773300194690 /* Frameworks */,
				AFEFF5AA2A67CFD3004AFD1A /* Products */,
			);
			sourceTree = "<group>";
		};
		AFEFF5AA2A67CFD3004AFD1A /* Products */ = {
			isa = PBXGroup;
			children = (
				AFEFF5A92A67CFD3004AFD1A /* DetectiveLog.app */,
				AFEFF5C42A67D001004AFD1A /* DetectiveLogWatch Watch App.app */,
				66D176972A6F773300194690 /* iOSWidgetExtension.appex */,
			);
			name = Products;
			sourceTree = "<group>";
		};
		AFEFF5AB2A67CFD3004AFD1A /* DetectiveLog */ = {
			isa = PBXGroup;
			children = (
				AF0579ED2A779ABA004577E7 /* TempDetail */,
				AF967B822A730C0600CB5786 /* FaceID */,
				66D176C52A6FE65900194690 /* Search */,
				A950B1882A6FC15800FB9080 /* Detail */,
				AF73FA302A6C25FE00213DBE /* Category */,
				AFEFF5DA2A67D757004AFD1A /* CloudKit */,
				AFEFF5D62A67D0B9004AFD1A /* Main */,
				AFEFF5AC2A67CFD3004AFD1A /* DetectiveLogApp.swift */,
				AFEFF5AE2A67CFD3004AFD1A /* Persistence.swift */,
				AFEFF5B52A67CFD4004AFD1A /* Assets.xcassets */,
				AF0115E32A6FA5830021E462 /* Info.plist */,
				AFEFF5B72A67CFD4004AFD1A /* DetectiveLog.entitlements */,
				AFEFF5B02A67CFD3004AFD1A /* DetectiveLog.xcdatamodeld */,
				AFEFF5B82A67CFD4004AFD1A /* Preview Content */,
			);
			path = DetectiveLog;
			sourceTree = "<group>";
		};
		AFEFF5B82A67CFD4004AFD1A /* Preview Content */ = {
			isa = PBXGroup;
			children = (
				AFEFF5B92A67CFD4004AFD1A /* Preview Assets.xcassets */,
			);
			path = "Preview Content";
			sourceTree = "<group>";
		};
		AFEFF5C52A67D001004AFD1A /* DetectiveLogWatch Watch App */ = {
			isa = PBXGroup;
			children = (
				663E38152A756AED00BDE5DB /* LogRecordView */,
				66D176542A6F4FED00194690 /* LogList */,
				66E066822A6E612800BE3751 /* LogTitleSelection */,
				66E066792A6E5C8400BE3751 /* View */,
				AFEFF5C62A67D001004AFD1A /* DetectiveLogWatchApp.swift */,
				AFEFF5C82A67D001004AFD1A /* ContentView.swift */,
				AFEFF5CA2A67D002004AFD1A /* Assets.xcassets */,
				66E066872A6E6F0D00BE3751 /* DetectiveLogWatch Watch AppRelease.entitlements */,
				AFEFF5CC2A67D002004AFD1A /* Preview Content */,
			);
			path = "DetectiveLogWatch Watch App";
			sourceTree = "<group>";
		};
		AFEFF5CC2A67D002004AFD1A /* Preview Content */ = {
			isa = PBXGroup;
			children = (
				AFEFF5CD2A67D002004AFD1A /* Preview Assets.xcassets */,
			);
			path = "Preview Content";
			sourceTree = "<group>";
		};
		AFEFF5D62A67D0B9004AFD1A /* Main */ = {
			isa = PBXGroup;
			children = (
				AF73FA2D2A6A704700213DBE /* Model */,
				AF73FA2C2A6A704100213DBE /* ViewModel */,
				AF73FA2B2A6A703B00213DBE /* View */,
			);
			path = Main;
			sourceTree = "<group>";
		};
		AFEFF5DA2A67D757004AFD1A /* CloudKit */ = {
			isa = PBXGroup;
			children = (
				AF73FA3F2A6EF80000213DBE /* Implementation */,
				AF73FA3E2A6EF7E800213DBE /* Interface */,
			);
			path = CloudKit;
			sourceTree = "<group>";
		};
/* End PBXGroup section */

/* Begin PBXNativeTarget section */
		66D176962A6F773300194690 /* iOSWidgetExtension */ = {
			isa = PBXNativeTarget;
			buildConfigurationList = 66D176AD2A6F773400194690 /* Build configuration list for PBXNativeTarget "iOSWidgetExtension" */;
			buildPhases = (
				66D176932A6F773300194690 /* Sources */,
				66D176942A6F773300194690 /* Frameworks */,
				66D176952A6F773300194690 /* Resources */,
			);
			buildRules = (
			);
			dependencies = (
			);
			name = iOSWidgetExtension;
			productName = iOSWidgetExtension;
			productReference = 66D176972A6F773300194690 /* iOSWidgetExtension.appex */;
			productType = "com.apple.product-type.app-extension";
		};
		AFEFF5A82A67CFD3004AFD1A /* DetectiveLog */ = {
			isa = PBXNativeTarget;
			buildConfigurationList = AFEFF5BD2A67CFD4004AFD1A /* Build configuration list for PBXNativeTarget "DetectiveLog" */;
			buildPhases = (
				AFEFF5A52A67CFD3004AFD1A /* Sources */,
				AFEFF5A62A67CFD3004AFD1A /* Frameworks */,
				AFEFF5A72A67CFD3004AFD1A /* Resources */,
				AFEFF5D52A67D002004AFD1A /* Embed Watch Content */,
				66D1766F2A6F5FCA00194690 /* Embed ExtensionKit Extensions */,
				66D176922A6F72DF00194690 /* Embed Foundation Extensions */,
			);
			buildRules = (
			);
			dependencies = (
				AFEFF5D02A67D002004AFD1A /* PBXTargetDependency */,
				66D176AB2A6F773400194690 /* PBXTargetDependency */,
			);
			name = DetectiveLog;
			productName = DetectiveLog;
			productReference = AFEFF5A92A67CFD3004AFD1A /* DetectiveLog.app */;
			productType = "com.apple.product-type.application";
		};
		AFEFF5C32A67D001004AFD1A /* DetectiveLogWatch Watch App */ = {
			isa = PBXNativeTarget;
			buildConfigurationList = AFEFF5D22A67D002004AFD1A /* Build configuration list for PBXNativeTarget "DetectiveLogWatch Watch App" */;
			buildPhases = (
				AFEFF5C02A67D001004AFD1A /* Sources */,
				AFEFF5C12A67D001004AFD1A /* Frameworks */,
				AFEFF5C22A67D001004AFD1A /* Resources */,
				66D176C12A6FA42F00194690 /* Embed ExtensionKit Extensions */,
			);
			buildRules = (
			);
			dependencies = (
			);
			name = "DetectiveLogWatch Watch App";
			productName = "DetectiveLogWatch Watch App";
			productReference = AFEFF5C42A67D001004AFD1A /* DetectiveLogWatch Watch App.app */;
			productType = "com.apple.product-type.application";
		};
/* End PBXNativeTarget section */

/* Begin PBXProject section */
		AFEFF5A12A67CFD3004AFD1A /* Project object */ = {
			isa = PBXProject;
			attributes = {
				BuildIndependentTargetsInParallel = 1;
				LastSwiftUpdateCheck = 1430;
				LastUpgradeCheck = 1430;
				TargetAttributes = {
					66D176962A6F773300194690 = {
						CreatedOnToolsVersion = 14.3.1;
					};
					AFEFF5A82A67CFD3004AFD1A = {
						CreatedOnToolsVersion = 14.3;
					};
					AFEFF5C32A67D001004AFD1A = {
						CreatedOnToolsVersion = 14.3;
					};
				};
			};
			buildConfigurationList = AFEFF5A42A67CFD3004AFD1A /* Build configuration list for PBXProject "DetectiveLog" */;
			compatibilityVersion = "Xcode 14.0";
			developmentRegion = en;
			hasScannedForEncodings = 0;
			knownRegions = (
				en,
				Base,
			);
			mainGroup = AFEFF5A02A67CFD3004AFD1A;
			productRefGroup = AFEFF5AA2A67CFD3004AFD1A /* Products */;
			projectDirPath = "";
			projectRoot = "";
			targets = (
				AFEFF5A82A67CFD3004AFD1A /* DetectiveLog */,
				AFEFF5C32A67D001004AFD1A /* DetectiveLogWatch Watch App */,
				66D176962A6F773300194690 /* iOSWidgetExtension */,
			);
		};
/* End PBXProject section */

/* Begin PBXResourcesBuildPhase section */
		66D176952A6F773300194690 /* Resources */ = {
			isa = PBXResourcesBuildPhase;
			buildActionMask = 2147483647;
			files = (
				66D176A62A6F773400194690 /* Assets.xcassets in Resources */,
			);
			runOnlyForDeploymentPostprocessing = 0;
		};
		AFEFF5A72A67CFD3004AFD1A /* Resources */ = {
			isa = PBXResourcesBuildPhase;
			buildActionMask = 2147483647;
			files = (
				AFEFF5BA2A67CFD4004AFD1A /* Preview Assets.xcassets in Resources */,
				AFEFF5B62A67CFD4004AFD1A /* Assets.xcassets in Resources */,
			);
			runOnlyForDeploymentPostprocessing = 0;
		};
		AFEFF5C22A67D001004AFD1A /* Resources */ = {
			isa = PBXResourcesBuildPhase;
			buildActionMask = 2147483647;
			files = (
				AFEFF5CE2A67D002004AFD1A /* Preview Assets.xcassets in Resources */,
				AFEFF5CB2A67D002004AFD1A /* Assets.xcassets in Resources */,
			);
			runOnlyForDeploymentPostprocessing = 0;
		};
/* End PBXResourcesBuildPhase section */

/* Begin PBXSourcesBuildPhase section */
		66D176932A6F773300194690 /* Sources */ = {
			isa = PBXSourcesBuildPhase;
			buildActionMask = 2147483647;
			files = (
				66D176A32A6F773300194690 /* iOSOpenAppLockScreenWidget.swift in Sources */,
				66D176A82A6F773400194690 /* iOSWidget.intentdefinition in Sources */,
				66D1769F2A6F773300194690 /* iOSWidgetBundle.swift in Sources */,
			);
			runOnlyForDeploymentPostprocessing = 0;
		};
		AFEFF5A52A67CFD3004AFD1A /* Sources */ = {
			isa = PBXSourcesBuildPhase;
			buildActionMask = 2147483647;
			files = (
				66D176FB2A71452500194690 /* MoveYearMonthPicker.swift in Sources */,
				AF73FA412A6EFB7000213DBE /* CloudKitManager+Create.swift in Sources */,
				AF73FA452A6EFBF300213DBE /* CloudKitManager+Update.swift in Sources */,
				AF057A012A779ABA004577E7 /* LogOpinion.swift in Sources */,
				AF057A032A779ABA004577E7 /* OpinionCell.swift in Sources */,
				AF0579FF2A779ABA004577E7 /* TempDetailView.swift in Sources */,
				AFEFF5B22A67CFD3004AFD1A /* DetectiveLog.xcdatamodeld in Sources */,
				AF73FA432A6EFBB300213DBE /* CloudKitManager+Read.swift in Sources */,
				AFEFF5AD2A67CFD3004AFD1A /* DetectiveLogApp.swift in Sources */,
				66D176C92A6FE82300194690 /* SearchTestView.swift in Sources */,
				66D176F72A70F4DC00194690 /* CalendarView.swift in Sources */,
				AF057A052A779ABA004577E7 /* MemoCell.swift in Sources */,
				66D176CB2A6FE95E00194690 /* SearchTestViewModel.swift in Sources */,
				AF967B842A730C1300CB5786 /* FaceIDManager.swift in Sources */,
				AFEFF5DE2A67F436004AFD1A /* Log.swift in Sources */,
				AF057A062A779ABA004577E7 /* DetailLogView.swift in Sources */,
				AF0579FE2A779ABA004577E7 /* DetailViewModel.swift in Sources */,
				AFEFF5D92A67D112004AFD1A /* LogView.swift in Sources */,
				AFE38EA02A683B0500B4FF9E /* LogCell.swift in Sources */,
				AFEFF5AF2A67CFD3004AFD1A /* Persistence.swift in Sources */,
				AF057A082A779ABA004577E7 /* DetailLogMenuSheet.swift in Sources */,
				AF057A072A779ABA004577E7 /* LogWriteSheet.swift in Sources */,
				66D176C72A6FE69500194690 /* FakeLogMemo.swift in Sources */,
				AF057A002A779ABA004577E7 /* DetailLog.swift in Sources */,
				66D176EF2A70036800194690 /* SearchBarView.swift in Sources */,
				AF057A022A779ABA004577E7 /* LogMemo.swift in Sources */,
				AF057A042A779ABA004577E7 /* DateCell.swift in Sources */,
				66D176A92A6F773400194690 /* iOSWidget.intentdefinition in Sources */,
				AF773DFB2A69825E00EF9E1D /* CategoryView.swift in Sources */,
				AF73FA2F2A6A705A00213DBE /* LogViewModel.swift in Sources */,
				AF73FA3D2A6EF4BE00213DBE /* CloudKitManagerInterface.swift in Sources */,
				AFEFF5DC2A67D765004AFD1A /* CloudKitManager.swift in Sources */,
				AF73FA472A6EFC2800213DBE /* CloudKitManager+Delete.swift in Sources */,
			);
			runOnlyForDeploymentPostprocessing = 0;
		};
		AFEFF5C02A67D001004AFD1A /* Sources */ = {
			isa = PBXSourcesBuildPhase;
			buildActionMask = 2147483647;
			files = (
				AFEFF5C92A67D001004AFD1A /* ContentView.swift in Sources */,
				AFEFF5C72A67D001004AFD1A /* DetectiveLogWatchApp.swift in Sources */,
				66D176592A6F507D00194690 /* FakeEachLog.swift in Sources */,
				66D1765B2A6F526200194690 /* LogListViewModel.swift in Sources */,
				66D1764E2A6E964200194690 /* Log.swift in Sources */,
				663E38192A756B1C00BDE5DB /* LogRecordViewModel.swift in Sources */,
				66E0667B2A6E5C9700BE3751 /* LogRecordView.swift in Sources */,
				66E066862A6E632D00BE3751 /* LogTitleSelectionViewModel.swift in Sources */,
				66E066812A6E5CDF00BE3751 /* LogListView.swift in Sources */,
				66E0667F2A6E5CCE00BE3751 /* LogTitleSelectionView.swift in Sources */,
				66E0667D2A6E5CA400BE3751 /* MainTabView.swift in Sources */,
				66D1765D2A6F557800194690 /* LogDetailView.swift in Sources */,
			);
			runOnlyForDeploymentPostprocessing = 0;
		};
/* End PBXSourcesBuildPhase section */

/* Begin PBXTargetDependency section */
		66D176AB2A6F773400194690 /* PBXTargetDependency */ = {
			isa = PBXTargetDependency;
			target = 66D176962A6F773300194690 /* iOSWidgetExtension */;
			targetProxy = 66D176AA2A6F773400194690 /* PBXContainerItemProxy */;
		};
		AFEFF5D02A67D002004AFD1A /* PBXTargetDependency */ = {
			isa = PBXTargetDependency;
			target = AFEFF5C32A67D001004AFD1A /* DetectiveLogWatch Watch App */;
			targetProxy = AFEFF5CF2A67D002004AFD1A /* PBXContainerItemProxy */;
		};
/* End PBXTargetDependency section */

/* Begin XCBuildConfiguration section */
		66D176AE2A6F773400194690 /* Debug */ = {
			isa = XCBuildConfiguration;
			buildSettings = {
				ASSETCATALOG_COMPILER_GLOBAL_ACCENT_COLOR_NAME = AccentColor;
				ASSETCATALOG_COMPILER_WIDGET_BACKGROUND_COLOR_NAME = WidgetBackground;
				CODE_SIGN_STYLE = Automatic;
				CURRENT_PROJECT_VERSION = 1;
				DEVELOPMENT_TEAM = 8R3N359429;
				GENERATE_INFOPLIST_FILE = YES;
				INFOPLIST_FILE = iOSWidget/Info.plist;
				INFOPLIST_KEY_CFBundleDisplayName = iOSWidget;
				INFOPLIST_KEY_NSHumanReadableCopyright = "";
				IPHONEOS_DEPLOYMENT_TARGET = 16.4;
				LD_RUNPATH_SEARCH_PATHS = (
					"$(inherited)",
					"@executable_path/Frameworks",
					"@executable_path/../../Frameworks",
				);
				MARKETING_VERSION = 1.0;
				PRODUCT_BUNDLE_IDENTIFIER = com.kozi.DetectiveLog.iOSWidget;
				PRODUCT_NAME = "$(TARGET_NAME)";
				SDKROOT = iphoneos;
				SKIP_INSTALL = YES;
				SWIFT_EMIT_LOC_STRINGS = YES;
				SWIFT_VERSION = 5.0;
				TARGETED_DEVICE_FAMILY = "1,2";
			};
			name = Debug;
		};
		66D176AF2A6F773400194690 /* Release */ = {
			isa = XCBuildConfiguration;
			buildSettings = {
				ASSETCATALOG_COMPILER_GLOBAL_ACCENT_COLOR_NAME = AccentColor;
				ASSETCATALOG_COMPILER_WIDGET_BACKGROUND_COLOR_NAME = WidgetBackground;
				CODE_SIGN_STYLE = Automatic;
				CURRENT_PROJECT_VERSION = 1;
				DEVELOPMENT_TEAM = 8R3N359429;
				GENERATE_INFOPLIST_FILE = YES;
				INFOPLIST_FILE = iOSWidget/Info.plist;
				INFOPLIST_KEY_CFBundleDisplayName = iOSWidget;
				INFOPLIST_KEY_NSHumanReadableCopyright = "";
				IPHONEOS_DEPLOYMENT_TARGET = 16.4;
				LD_RUNPATH_SEARCH_PATHS = (
					"$(inherited)",
					"@executable_path/Frameworks",
					"@executable_path/../../Frameworks",
				);
				MARKETING_VERSION = 1.0;
				PRODUCT_BUNDLE_IDENTIFIER = com.kozi.DetectiveLog.iOSWidget;
				PRODUCT_NAME = "$(TARGET_NAME)";
				SDKROOT = iphoneos;
				SKIP_INSTALL = YES;
				SWIFT_EMIT_LOC_STRINGS = YES;
				SWIFT_VERSION = 5.0;
				TARGETED_DEVICE_FAMILY = "1,2";
				VALIDATE_PRODUCT = YES;
			};
			name = Release;
		};
		AFEFF5BB2A67CFD4004AFD1A /* Debug */ = {
			isa = XCBuildConfiguration;
			buildSettings = {
				ALWAYS_SEARCH_USER_PATHS = NO;
				CLANG_ANALYZER_NONNULL = YES;
				CLANG_ANALYZER_NUMBER_OBJECT_CONVERSION = YES_AGGRESSIVE;
				CLANG_CXX_LANGUAGE_STANDARD = "gnu++20";
				CLANG_ENABLE_MODULES = YES;
				CLANG_ENABLE_OBJC_ARC = YES;
				CLANG_ENABLE_OBJC_WEAK = YES;
				CLANG_WARN_BLOCK_CAPTURE_AUTORELEASING = YES;
				CLANG_WARN_BOOL_CONVERSION = YES;
				CLANG_WARN_COMMA = YES;
				CLANG_WARN_CONSTANT_CONVERSION = YES;
				CLANG_WARN_DEPRECATED_OBJC_IMPLEMENTATIONS = YES;
				CLANG_WARN_DIRECT_OBJC_ISA_USAGE = YES_ERROR;
				CLANG_WARN_DOCUMENTATION_COMMENTS = YES;
				CLANG_WARN_EMPTY_BODY = YES;
				CLANG_WARN_ENUM_CONVERSION = YES;
				CLANG_WARN_INFINITE_RECURSION = YES;
				CLANG_WARN_INT_CONVERSION = YES;
				CLANG_WARN_NON_LITERAL_NULL_CONVERSION = YES;
				CLANG_WARN_OBJC_IMPLICIT_RETAIN_SELF = YES;
				CLANG_WARN_OBJC_LITERAL_CONVERSION = YES;
				CLANG_WARN_OBJC_ROOT_CLASS = YES_ERROR;
				CLANG_WARN_QUOTED_INCLUDE_IN_FRAMEWORK_HEADER = YES;
				CLANG_WARN_RANGE_LOOP_ANALYSIS = YES;
				CLANG_WARN_STRICT_PROTOTYPES = YES;
				CLANG_WARN_SUSPICIOUS_MOVE = YES;
				CLANG_WARN_UNGUARDED_AVAILABILITY = YES_AGGRESSIVE;
				CLANG_WARN_UNREACHABLE_CODE = YES;
				CLANG_WARN__DUPLICATE_METHOD_MATCH = YES;
				COPY_PHASE_STRIP = NO;
				DEBUG_INFORMATION_FORMAT = dwarf;
				ENABLE_STRICT_OBJC_MSGSEND = YES;
				ENABLE_TESTABILITY = YES;
				GCC_C_LANGUAGE_STANDARD = gnu11;
				GCC_DYNAMIC_NO_PIC = NO;
				GCC_NO_COMMON_BLOCKS = YES;
				GCC_OPTIMIZATION_LEVEL = 0;
				GCC_PREPROCESSOR_DEFINITIONS = (
					"DEBUG=1",
					"$(inherited)",
				);
				GCC_WARN_64_TO_32_BIT_CONVERSION = YES;
				GCC_WARN_ABOUT_RETURN_TYPE = YES_ERROR;
				GCC_WARN_UNDECLARED_SELECTOR = YES;
				GCC_WARN_UNINITIALIZED_AUTOS = YES_AGGRESSIVE;
				GCC_WARN_UNUSED_FUNCTION = YES;
				GCC_WARN_UNUSED_VARIABLE = YES;
				MTL_ENABLE_DEBUG_INFO = INCLUDE_SOURCE;
				MTL_FAST_MATH = YES;
				ONLY_ACTIVE_ARCH = YES;
				SWIFT_ACTIVE_COMPILATION_CONDITIONS = DEBUG;
				SWIFT_OPTIMIZATION_LEVEL = "-Onone";
			};
			name = Debug;
		};
		AFEFF5BC2A67CFD4004AFD1A /* Release */ = {
			isa = XCBuildConfiguration;
			buildSettings = {
				ALWAYS_SEARCH_USER_PATHS = NO;
				CLANG_ANALYZER_NONNULL = YES;
				CLANG_ANALYZER_NUMBER_OBJECT_CONVERSION = YES_AGGRESSIVE;
				CLANG_CXX_LANGUAGE_STANDARD = "gnu++20";
				CLANG_ENABLE_MODULES = YES;
				CLANG_ENABLE_OBJC_ARC = YES;
				CLANG_ENABLE_OBJC_WEAK = YES;
				CLANG_WARN_BLOCK_CAPTURE_AUTORELEASING = YES;
				CLANG_WARN_BOOL_CONVERSION = YES;
				CLANG_WARN_COMMA = YES;
				CLANG_WARN_CONSTANT_CONVERSION = YES;
				CLANG_WARN_DEPRECATED_OBJC_IMPLEMENTATIONS = YES;
				CLANG_WARN_DIRECT_OBJC_ISA_USAGE = YES_ERROR;
				CLANG_WARN_DOCUMENTATION_COMMENTS = YES;
				CLANG_WARN_EMPTY_BODY = YES;
				CLANG_WARN_ENUM_CONVERSION = YES;
				CLANG_WARN_INFINITE_RECURSION = YES;
				CLANG_WARN_INT_CONVERSION = YES;
				CLANG_WARN_NON_LITERAL_NULL_CONVERSION = YES;
				CLANG_WARN_OBJC_IMPLICIT_RETAIN_SELF = YES;
				CLANG_WARN_OBJC_LITERAL_CONVERSION = YES;
				CLANG_WARN_OBJC_ROOT_CLASS = YES_ERROR;
				CLANG_WARN_QUOTED_INCLUDE_IN_FRAMEWORK_HEADER = YES;
				CLANG_WARN_RANGE_LOOP_ANALYSIS = YES;
				CLANG_WARN_STRICT_PROTOTYPES = YES;
				CLANG_WARN_SUSPICIOUS_MOVE = YES;
				CLANG_WARN_UNGUARDED_AVAILABILITY = YES_AGGRESSIVE;
				CLANG_WARN_UNREACHABLE_CODE = YES;
				CLANG_WARN__DUPLICATE_METHOD_MATCH = YES;
				COPY_PHASE_STRIP = NO;
				DEBUG_INFORMATION_FORMAT = "dwarf-with-dsym";
				ENABLE_NS_ASSERTIONS = NO;
				ENABLE_STRICT_OBJC_MSGSEND = YES;
				GCC_C_LANGUAGE_STANDARD = gnu11;
				GCC_NO_COMMON_BLOCKS = YES;
				GCC_WARN_64_TO_32_BIT_CONVERSION = YES;
				GCC_WARN_ABOUT_RETURN_TYPE = YES_ERROR;
				GCC_WARN_UNDECLARED_SELECTOR = YES;
				GCC_WARN_UNINITIALIZED_AUTOS = YES_AGGRESSIVE;
				GCC_WARN_UNUSED_FUNCTION = YES;
				GCC_WARN_UNUSED_VARIABLE = YES;
				MTL_ENABLE_DEBUG_INFO = NO;
				MTL_FAST_MATH = YES;
				SWIFT_COMPILATION_MODE = wholemodule;
				SWIFT_OPTIMIZATION_LEVEL = "-O";
			};
			name = Release;
		};
		AFEFF5BE2A67CFD4004AFD1A /* Debug */ = {
			isa = XCBuildConfiguration;
			buildSettings = {
				ALWAYS_EMBED_SWIFT_STANDARD_LIBRARIES = YES;
				ASSETCATALOG_COMPILER_APPICON_NAME = AppIcon;
				ASSETCATALOG_COMPILER_GLOBAL_ACCENT_COLOR_NAME = AccentColor;
				CODE_SIGN_ENTITLEMENTS = DetectiveLog/DetectiveLog.entitlements;
				CODE_SIGN_STYLE = Automatic;
				CURRENT_PROJECT_VERSION = 1;
				DEVELOPMENT_ASSET_PATHS = "\"DetectiveLog/Preview Content\"";
				DEVELOPMENT_TEAM = "";
				ENABLE_HARDENED_RUNTIME = YES;
				ENABLE_PREVIEWS = YES;
				GENERATE_INFOPLIST_FILE = YES;
				INFOPLIST_FILE = DetectiveLog/Info.plist;
				"INFOPLIST_KEY_UIApplicationSceneManifest_Generation[sdk=iphoneos*]" = YES;
				"INFOPLIST_KEY_UIApplicationSceneManifest_Generation[sdk=iphonesimulator*]" = YES;
				"INFOPLIST_KEY_UIApplicationSupportsIndirectInputEvents[sdk=iphoneos*]" = YES;
				"INFOPLIST_KEY_UIApplicationSupportsIndirectInputEvents[sdk=iphonesimulator*]" = YES;
				"INFOPLIST_KEY_UILaunchScreen_Generation[sdk=iphoneos*]" = YES;
				"INFOPLIST_KEY_UILaunchScreen_Generation[sdk=iphonesimulator*]" = YES;
				"INFOPLIST_KEY_UIStatusBarStyle[sdk=iphoneos*]" = UIStatusBarStyleDefault;
				"INFOPLIST_KEY_UIStatusBarStyle[sdk=iphonesimulator*]" = UIStatusBarStyleDefault;
				INFOPLIST_KEY_UISupportedInterfaceOrientations_iPad = "UIInterfaceOrientationPortrait UIInterfaceOrientationPortraitUpsideDown UIInterfaceOrientationLandscapeLeft UIInterfaceOrientationLandscapeRight";
				INFOPLIST_KEY_UISupportedInterfaceOrientations_iPhone = "UIInterfaceOrientationPortrait UIInterfaceOrientationLandscapeLeft UIInterfaceOrientationLandscapeRight";
				IPHONEOS_DEPLOYMENT_TARGET = 15.0;
				LD_RUNPATH_SEARCH_PATHS = "@executable_path/Frameworks";
				"LD_RUNPATH_SEARCH_PATHS[sdk=macosx*]" = "@executable_path/../Frameworks";
				MACOSX_DEPLOYMENT_TARGET = 13.3;
				MARKETING_VERSION = 1.0;
				PRODUCT_BUNDLE_IDENTIFIER = com.kozi.DetectiveLog;
				PRODUCT_NAME = "$(TARGET_NAME)";
				SDKROOT = auto;
				SUPPORTED_PLATFORMS = "iphoneos iphonesimulator";
				SUPPORTS_MACCATALYST = NO;
				SUPPORTS_MAC_DESIGNED_FOR_IPHONE_IPAD = NO;
				SWIFT_EMIT_LOC_STRINGS = YES;
				SWIFT_VERSION = 5.0;
				TARGETED_DEVICE_FAMILY = 1;
			};
			name = Debug;
		};
		AFEFF5BF2A67CFD4004AFD1A /* Release */ = {
			isa = XCBuildConfiguration;
			buildSettings = {
				ALWAYS_EMBED_SWIFT_STANDARD_LIBRARIES = YES;
				ASSETCATALOG_COMPILER_APPICON_NAME = AppIcon;
				ASSETCATALOG_COMPILER_GLOBAL_ACCENT_COLOR_NAME = AccentColor;
				CODE_SIGN_ENTITLEMENTS = DetectiveLog/DetectiveLog.entitlements;
				CODE_SIGN_STYLE = Automatic;
				CURRENT_PROJECT_VERSION = 1;
				DEVELOPMENT_ASSET_PATHS = "\"DetectiveLog/Preview Content\"";
				DEVELOPMENT_TEAM = 8R3N359429;
				ENABLE_HARDENED_RUNTIME = YES;
				ENABLE_PREVIEWS = YES;
				GENERATE_INFOPLIST_FILE = YES;
				INFOPLIST_FILE = DetectiveLog/Info.plist;
				"INFOPLIST_KEY_UIApplicationSceneManifest_Generation[sdk=iphoneos*]" = YES;
				"INFOPLIST_KEY_UIApplicationSceneManifest_Generation[sdk=iphonesimulator*]" = YES;
				"INFOPLIST_KEY_UIApplicationSupportsIndirectInputEvents[sdk=iphoneos*]" = YES;
				"INFOPLIST_KEY_UIApplicationSupportsIndirectInputEvents[sdk=iphonesimulator*]" = YES;
				"INFOPLIST_KEY_UILaunchScreen_Generation[sdk=iphoneos*]" = YES;
				"INFOPLIST_KEY_UILaunchScreen_Generation[sdk=iphonesimulator*]" = YES;
				"INFOPLIST_KEY_UIStatusBarStyle[sdk=iphoneos*]" = UIStatusBarStyleDefault;
				"INFOPLIST_KEY_UIStatusBarStyle[sdk=iphonesimulator*]" = UIStatusBarStyleDefault;
				INFOPLIST_KEY_UISupportedInterfaceOrientations_iPad = "UIInterfaceOrientationPortrait UIInterfaceOrientationPortraitUpsideDown UIInterfaceOrientationLandscapeLeft UIInterfaceOrientationLandscapeRight";
				INFOPLIST_KEY_UISupportedInterfaceOrientations_iPhone = "UIInterfaceOrientationPortrait UIInterfaceOrientationLandscapeLeft UIInterfaceOrientationLandscapeRight";
				IPHONEOS_DEPLOYMENT_TARGET = 15.0;
				LD_RUNPATH_SEARCH_PATHS = "@executable_path/Frameworks";
				"LD_RUNPATH_SEARCH_PATHS[sdk=macosx*]" = "@executable_path/../Frameworks";
				MACOSX_DEPLOYMENT_TARGET = 13.3;
				MARKETING_VERSION = 1.0;
				PRODUCT_BUNDLE_IDENTIFIER = com.kozi.DetectiveLog;
				PRODUCT_NAME = "$(TARGET_NAME)";
				SDKROOT = auto;
				SUPPORTED_PLATFORMS = "iphoneos iphonesimulator";
				SUPPORTS_MACCATALYST = NO;
				SUPPORTS_MAC_DESIGNED_FOR_IPHONE_IPAD = NO;
				SWIFT_EMIT_LOC_STRINGS = YES;
				SWIFT_VERSION = 5.0;
				TARGETED_DEVICE_FAMILY = 1;
			};
			name = Release;
		};
		AFEFF5D32A67D002004AFD1A /* Debug */ = {
			isa = XCBuildConfiguration;
			buildSettings = {
				ASSETCATALOG_COMPILER_APPICON_NAME = AppIcon;
				ASSETCATALOG_COMPILER_GLOBAL_ACCENT_COLOR_NAME = AccentColor;
				CODE_SIGN_STYLE = Automatic;
				CURRENT_PROJECT_VERSION = 1;
				DEVELOPMENT_ASSET_PATHS = "\"DetectiveLogWatch Watch App/Preview Content\"";
				DEVELOPMENT_TEAM = ULM4SQD73B;
				ENABLE_PREVIEWS = YES;
				GENERATE_INFOPLIST_FILE = YES;
				INFOPLIST_KEY_CFBundleDisplayName = DetectiveLogWatch;
				INFOPLIST_KEY_UISupportedInterfaceOrientations = "UIInterfaceOrientationPortrait UIInterfaceOrientationPortraitUpsideDown";
				INFOPLIST_KEY_WKCompanionAppBundleIdentifier = com.kozi.DetectiveLog;
				LD_RUNPATH_SEARCH_PATHS = (
					"$(inherited)",
					"@executable_path/Frameworks",
				);
				MARKETING_VERSION = 1.0;
				PRODUCT_BUNDLE_IDENTIFIER = com.kozi.DetectiveLog.watchkitapp;
				PRODUCT_NAME = "$(TARGET_NAME)";
				SDKROOT = watchos;
				SKIP_INSTALL = YES;
				SWIFT_EMIT_LOC_STRINGS = YES;
				SWIFT_VERSION = 5.0;
				TARGETED_DEVICE_FAMILY = 4;
				WATCHOS_DEPLOYMENT_TARGET = 9.0;
			};
			name = Debug;
		};
		AFEFF5D42A67D002004AFD1A /* Release */ = {
			isa = XCBuildConfiguration;
			buildSettings = {
				ASSETCATALOG_COMPILER_APPICON_NAME = AppIcon;
				ASSETCATALOG_COMPILER_GLOBAL_ACCENT_COLOR_NAME = AccentColor;
				CODE_SIGN_ENTITLEMENTS = "DetectiveLogWatch Watch App/DetectiveLogWatch Watch AppRelease.entitlements";
				CODE_SIGN_STYLE = Automatic;
				CURRENT_PROJECT_VERSION = 1;
				DEVELOPMENT_ASSET_PATHS = "\"DetectiveLogWatch Watch App/Preview Content\"";
				DEVELOPMENT_TEAM = 8R3N359429;
				ENABLE_PREVIEWS = YES;
				GENERATE_INFOPLIST_FILE = YES;
				INFOPLIST_KEY_CFBundleDisplayName = DetectiveLogWatch;
				INFOPLIST_KEY_UISupportedInterfaceOrientations = "UIInterfaceOrientationPortrait UIInterfaceOrientationPortraitUpsideDown";
				INFOPLIST_KEY_WKCompanionAppBundleIdentifier = com.kozi.DetectiveLog;
				LD_RUNPATH_SEARCH_PATHS = (
					"$(inherited)",
					"@executable_path/Frameworks",
				);
				MARKETING_VERSION = 1.0;
				PRODUCT_BUNDLE_IDENTIFIER = com.kozi.DetectiveLog.watchkitapp;
				PRODUCT_NAME = "$(TARGET_NAME)";
				SDKROOT = watchos;
				SKIP_INSTALL = YES;
				SWIFT_EMIT_LOC_STRINGS = YES;
				SWIFT_VERSION = 5.0;
				TARGETED_DEVICE_FAMILY = 4;
				VALIDATE_PRODUCT = YES;
				WATCHOS_DEPLOYMENT_TARGET = 9.0;
			};
			name = Release;
		};
/* End XCBuildConfiguration section */

/* Begin XCConfigurationList section */
		66D176AD2A6F773400194690 /* Build configuration list for PBXNativeTarget "iOSWidgetExtension" */ = {
			isa = XCConfigurationList;
			buildConfigurations = (
				66D176AE2A6F773400194690 /* Debug */,
				66D176AF2A6F773400194690 /* Release */,
			);
			defaultConfigurationIsVisible = 0;
			defaultConfigurationName = Release;
		};
		AFEFF5A42A67CFD3004AFD1A /* Build configuration list for PBXProject "DetectiveLog" */ = {
			isa = XCConfigurationList;
			buildConfigurations = (
				AFEFF5BB2A67CFD4004AFD1A /* Debug */,
				AFEFF5BC2A67CFD4004AFD1A /* Release */,
			);
			defaultConfigurationIsVisible = 0;
			defaultConfigurationName = Release;
		};
		AFEFF5BD2A67CFD4004AFD1A /* Build configuration list for PBXNativeTarget "DetectiveLog" */ = {
			isa = XCConfigurationList;
			buildConfigurations = (
				AFEFF5BE2A67CFD4004AFD1A /* Debug */,
				AFEFF5BF2A67CFD4004AFD1A /* Release */,
			);
			defaultConfigurationIsVisible = 0;
			defaultConfigurationName = Release;
		};
		AFEFF5D22A67D002004AFD1A /* Build configuration list for PBXNativeTarget "DetectiveLogWatch Watch App" */ = {
			isa = XCConfigurationList;
			buildConfigurations = (
				AFEFF5D32A67D002004AFD1A /* Debug */,
				AFEFF5D42A67D002004AFD1A /* Release */,
			);
			defaultConfigurationIsVisible = 0;
			defaultConfigurationName = Release;
		};
/* End XCConfigurationList section */

/* Begin XCVersionGroup section */
		AFEFF5B02A67CFD3004AFD1A /* DetectiveLog.xcdatamodeld */ = {
			isa = XCVersionGroup;
			children = (
				AFEFF5B12A67CFD3004AFD1A /* DetectiveLog.xcdatamodel */,
			);
			currentVersion = AFEFF5B12A67CFD3004AFD1A /* DetectiveLog.xcdatamodel */;
			path = DetectiveLog.xcdatamodeld;
			sourceTree = "<group>";
			versionGroupType = wrapper.xcdatamodel;
		};
/* End XCVersionGroup section */
	};
	rootObject = AFEFF5A12A67CFD3004AFD1A /* Project object */;
}
